# THIS IS AN AUTOGENERATED FILE. DO NOT EDIT THIS FILE DIRECTLY.
# yarn lockfile v1


typescript@^2.3.2:
  version "2.6.1"
  resolved "https://registry.yarnpkg.com/typescript/-/typescript-2.6.1.tgz#ef39cdea27abac0b500242d6726ab90e0c846631"

vue-class-component@^6.1.0:
  version "6.1.0"
  resolved "https://registry.yarnpkg.com/vue-class-component/-/vue-class-component-6.1.0.tgz#41a51a7991f2c0d51ff73f08436de0c2bfd934d6"

vuex-class@^0.3.0:
  version "0.3.0"
  resolved "https://registry.yarnpkg.com/vuex-class/-/vuex-class-0.3.0.tgz#25047ab042580fd4ff3e64cc76603ac217c9190d"
